
Microsoft Visual Studio Solution File, Format Version 12.00
# Visual Studio Version 17
VisualStudioVersion = 17.3.32922.545
MinimumVisualStudioVersion = 10.0.40219.1
Project("{FAE04EC0-301F-11D3-BF4B-00C04F79EFBC}") = "exam", "exam\exam.csproj", "{514444E4-C2B3-406F-A752-C4F76649480E}"
EndProject
Global
	GlobalSection(SolutionConfigurationPlatforms) = preSolution
		Debug|Any CPU = Debug|Any CPU
		Release|Any CPU = Release|Any CPU
	EndGlobalSection
	GlobalSection(ProjectConfigurationPlatforms) = postSolution
		{514444E4-C2B3-406F-A752-C4F76649480E}.Debug|Any CPU.ActiveCfg = Debug|Any CPU
		{514444E4-C2B3-406F-A752-C4F76649480E}.Debug|Any CPU.Build.0 = Debug|Any CPU
		{514444E4-C2B3-406F-A752-C4F76649480E}.Release|Any CPU.ActiveCfg = Release|Any CPU
		{514444E4-C2B3-406F-A752-C4F76649480E}.Release|Any CPU.Build.0 = Release|Any CPU
	EndGlobalSection
	GlobalSection(SolutionProperties) = preSolution
		HideSolutionNode = FALSE
	EndGlobalSection
	GlobalSection(ExtensibilityGlobals) = postSolution
		SolutionGuid = {F855EABE-C1BB-49A9-8DB7-5CDDC214341C}
	EndGlobalSection
EndGlobal
